
Microsoft Visual Studio Solution File, Format Version 12.00
# Visual Studio Version 16
VisualStudioVersion = 16.0.31702.278
MinimumVisualStudioVersion = 10.0.40219.1
Project("{FAE04EC0-301F-11D3-BF4B-00C04F79EFBC}") = "OddAndEven", "OddAndEven\OddAndEven.csproj", "{9DA6BC4F-E8C1-44D6-A5CE-C1555CF72219}"
EndProject
Global
	GlobalSection(SolutionConfigurationPlatforms) = preSolution
		Debug|Any CPU = Debug|Any CPU
		Release|Any CPU = Release|Any CPU
	EndGlobalSection
	GlobalSection(ProjectConfigurationPlatforms) = postSolution
		{9DA6BC4F-E8C1-44D6-A5CE-C1555CF72219}.Debug|Any CPU.ActiveCfg = Debug|Any CPU
		{9DA6BC4F-E8C1-44D6-A5CE-C1555CF72219}.Debug|Any CPU.Build.0 = Debug|Any CPU
		{9DA6BC4F-E8C1-44D6-A5CE-C1555CF72219}.Release|Any CPU.ActiveCfg = Release|Any CPU
		{9DA6BC4F-E8C1-44D6-A5CE-C1555CF72219}.Release|Any CPU.Build.0 = Release|Any CPU
	EndGlobalSection
	GlobalSection(SolutionProperties) = preSolution
		HideSolutionNode = FALSE
	EndGlobalSection
	GlobalSection(ExtensibilityGlobals) = postSolution
		SolutionGuid = {BAB84125-F0A2-4D88-A96D-E90220749E11}
	EndGlobalSection
EndGlobal
