
Microsoft Visual Studio Solution File, Format Version 12.00
# Visual Studio Version 16
VisualStudioVersion = 16.0.31702.278
MinimumVisualStudioVersion = 10.0.40219.1
Project("{FAE04EC0-301F-11D3-BF4B-00C04F79EFBC}") = "FlipCoin", "FlipCoin\FlipCoin.csproj", "{5F9709EE-94D1-4193-AE47-8D19DCC5B2DF}"
EndProject
Project("{FAE04EC0-301F-11D3-BF4B-00C04F79EFBC}") = "Leapyear", "Leapyear\Leapyear.csproj", "{F70EEA47-8DCF-4914-9F15-63A82211C6AA}"
EndProject
Global
	GlobalSection(SolutionConfigurationPlatforms) = preSolution
		Debug|Any CPU = Debug|Any CPU
		Release|Any CPU = Release|Any CPU
	EndGlobalSection
	GlobalSection(ProjectConfigurationPlatforms) = postSolution
		{5F9709EE-94D1-4193-AE47-8D19DCC5B2DF}.Debug|Any CPU.ActiveCfg = Debug|Any CPU
		{5F9709EE-94D1-4193-AE47-8D19DCC5B2DF}.Debug|Any CPU.Build.0 = Debug|Any CPU
		{5F9709EE-94D1-4193-AE47-8D19DCC5B2DF}.Release|Any CPU.ActiveCfg = Release|Any CPU
		{5F9709EE-94D1-4193-AE47-8D19DCC5B2DF}.Release|Any CPU.Build.0 = Release|Any CPU
		{F70EEA47-8DCF-4914-9F15-63A82211C6AA}.Debug|Any CPU.ActiveCfg = Debug|Any CPU
		{F70EEA47-8DCF-4914-9F15-63A82211C6AA}.Debug|Any CPU.Build.0 = Debug|Any CPU
		{F70EEA47-8DCF-4914-9F15-63A82211C6AA}.Release|Any CPU.ActiveCfg = Release|Any CPU
		{F70EEA47-8DCF-4914-9F15-63A82211C6AA}.Release|Any CPU.Build.0 = Release|Any CPU
	EndGlobalSection
	GlobalSection(SolutionProperties) = preSolution
		HideSolutionNode = FALSE
	EndGlobalSection
	GlobalSection(ExtensibilityGlobals) = postSolution
		SolutionGuid = {C8427248-0D7A-49B6-9A15-FBD141F19F2F}
	EndGlobalSection
EndGlobal
