
Microsoft Visual Studio Solution File, Format Version 12.00
# Visual Studio Version 16
VisualStudioVersion = 16.0.31702.278
MinimumVisualStudioVersion = 10.0.40219.1
Project("{FAE04EC0-301F-11D3-BF4B-00C04F79EFBC}") = "LeapYear", "LeapYear\LeapYear.csproj", "{2C9075F4-4E24-4165-A8F2-0B16195BE2FC}"
EndProject
Global
	GlobalSection(SolutionConfigurationPlatforms) = preSolution
		Debug|Any CPU = Debug|Any CPU
		Release|Any CPU = Release|Any CPU
	EndGlobalSection
	GlobalSection(ProjectConfigurationPlatforms) = postSolution
		{2C9075F4-4E24-4165-A8F2-0B16195BE2FC}.Debug|Any CPU.ActiveCfg = Debug|Any CPU
		{2C9075F4-4E24-4165-A8F2-0B16195BE2FC}.Debug|Any CPU.Build.0 = Debug|Any CPU
		{2C9075F4-4E24-4165-A8F2-0B16195BE2FC}.Release|Any CPU.ActiveCfg = Release|Any CPU
		{2C9075F4-4E24-4165-A8F2-0B16195BE2FC}.Release|Any CPU.Build.0 = Release|Any CPU
	EndGlobalSection
	GlobalSection(SolutionProperties) = preSolution
		HideSolutionNode = FALSE
	EndGlobalSection
	GlobalSection(ExtensibilityGlobals) = postSolution
		SolutionGuid = {0E33181A-FD93-4519-B90A-5957D389931C}
	EndGlobalSection
EndGlobal
