
Microsoft Visual Studio Solution File, Format Version 12.00
# Visual Studio Version 16
VisualStudioVersion = 16.0.31702.278
MinimumVisualStudioVersion = 10.0.40219.1
Project("{FAE04EC0-301F-11D3-BF4B-00C04F79EFBC}") = "VowelOrNot", "VowelOrNot\VowelOrNot.csproj", "{367075E9-2F25-41D2-B6AF-DE5FC98AEB0C}"
EndProject
Global
	GlobalSection(SolutionConfigurationPlatforms) = preSolution
		Debug|Any CPU = Debug|Any CPU
		Release|Any CPU = Release|Any CPU
	EndGlobalSection
	GlobalSection(ProjectConfigurationPlatforms) = postSolution
		{367075E9-2F25-41D2-B6AF-DE5FC98AEB0C}.Debug|Any CPU.ActiveCfg = Debug|Any CPU
		{367075E9-2F25-41D2-B6AF-DE5FC98AEB0C}.Debug|Any CPU.Build.0 = Debug|Any CPU
		{367075E9-2F25-41D2-B6AF-DE5FC98AEB0C}.Release|Any CPU.ActiveCfg = Release|Any CPU
		{367075E9-2F25-41D2-B6AF-DE5FC98AEB0C}.Release|Any CPU.Build.0 = Release|Any CPU
	EndGlobalSection
	GlobalSection(SolutionProperties) = preSolution
		HideSolutionNode = FALSE
	EndGlobalSection
	GlobalSection(ExtensibilityGlobals) = postSolution
		SolutionGuid = {02CAECB7-38F1-4EC4-A09B-FFFD7259EE4E}
	EndGlobalSection
EndGlobal
