
Microsoft Visual Studio Solution File, Format Version 12.00
# Visual Studio Version 16
VisualStudioVersion = 16.0.31702.278
MinimumVisualStudioVersion = 10.0.40219.1
Project("{FAE04EC0-301F-11D3-BF4B-00C04F79EFBC}") = "HarmonicSeries", "HarmonicSeries\HarmonicSeries.csproj", "{1FA22C47-127F-4D0F-83F1-CAD1BC515292}"
EndProject
Global
	GlobalSection(SolutionConfigurationPlatforms) = preSolution
		Debug|Any CPU = Debug|Any CPU
		Release|Any CPU = Release|Any CPU
	EndGlobalSection
	GlobalSection(ProjectConfigurationPlatforms) = postSolution
		{1FA22C47-127F-4D0F-83F1-CAD1BC515292}.Debug|Any CPU.ActiveCfg = Debug|Any CPU
		{1FA22C47-127F-4D0F-83F1-CAD1BC515292}.Debug|Any CPU.Build.0 = Debug|Any CPU
		{1FA22C47-127F-4D0F-83F1-CAD1BC515292}.Release|Any CPU.ActiveCfg = Release|Any CPU
		{1FA22C47-127F-4D0F-83F1-CAD1BC515292}.Release|Any CPU.Build.0 = Release|Any CPU
	EndGlobalSection
	GlobalSection(SolutionProperties) = preSolution
		HideSolutionNode = FALSE
	EndGlobalSection
	GlobalSection(ExtensibilityGlobals) = postSolution
		SolutionGuid = {8424EE3F-2B95-42E6-ABE2-85AF544A4014}
	EndGlobalSection
EndGlobal
